
Microsoft Visual Studio Solution File, Format Version 12.00
# Visual Studio Version 16
VisualStudioVersion = 16.0.32630.194
MinimumVisualStudioVersion = 10.0.40219.1
Project("{8BC9CEB8-8B4A-11D0-8D11-00A0C91BC942}") = "Client", "Client\Client.vcxproj", "{995736BC-A61C-4741-A34F-281436AB83A6}"
EndProject
Project("{8BC9CEB8-8B4A-11D0-8D11-00A0C91BC942}") = "Engine", "Engine\Engine.vcxproj", "{A1A06065-05DC-4B8D-8037-070BEF28DACE}"
EndProject
Project("{2150E333-8FDC-42A3-9474-1A3956D46DE8}") = "Socket", "Socket", "{490762A7-4E67-49C7-B51D-05F56D3111E8}"
EndProject
Project("{8BC9CEB8-8B4A-11D0-8D11-00A0C91BC942}") = "Socket_0_Server", "Socket_1\Socket_1.vcxproj", "{3AE23F72-BA9E-4A00-9148-4AA31AB09006}"
EndProject
Project("{8BC9CEB8-8B4A-11D0-8D11-00A0C91BC942}") = "Socket_0_Client", "Socket_0\Socket_0.vcxproj", "{F06C00A3-5999-4F0E-A493-F2A522A1BBEB}"
EndProject
Project("{2150E333-8FDC-42A3-9474-1A3956D46DE8}") = "Socket_0", "Socket_0", "{66DE36D3-89CE-436D-ACA5-B2BDD1F25094}"
EndProject
Project("{2150E333-8FDC-42A3-9474-1A3956D46DE8}") = "Socket_1", "Socket_1", "{305E7C1C-B4BD-4973-923B-B125E89CFB11}"
EndProject
Project("{8BC9CEB8-8B4A-11D0-8D11-00A0C91BC942}") = "Socket_1_Client", "Socket_1_Client\Socket_1_Client.vcxproj", "{10FB261B-BB2A-43B0-95B0-9C9C1347589E}"
EndProject
Project("{8BC9CEB8-8B4A-11D0-8D11-00A0C91BC942}") = "Socket_1_Server", "Socket_1_Server\Socket_1_Server.vcxproj", "{93C26E5F-7F5A-4697-9818-903A9C8729B4}"
EndProject
Global
	GlobalSection(SolutionConfigurationPlatforms) = preSolution
		Debug|x64 = Debug|x64
		Debug|x86 = Debug|x86
		Release|x64 = Release|x64
		Release|x86 = Release|x86
	EndGlobalSection
	GlobalSection(ProjectConfigurationPlatforms) = postSolution
		{995736BC-A61C-4741-A34F-281436AB83A6}.Debug|x64.ActiveCfg = Debug|x64
		{995736BC-A61C-4741-A34F-281436AB83A6}.Debug|x64.Build.0 = Debug|x64
		{995736BC-A61C-4741-A34F-281436AB83A6}.Debug|x86.ActiveCfg = Debug|Win32
		{995736BC-A61C-4741-A34F-281436AB83A6}.Debug|x86.Build.0 = Debug|Win32
		{995736BC-A61C-4741-A34F-281436AB83A6}.Release|x64.ActiveCfg = Release|x64
		{995736BC-A61C-4741-A34F-281436AB83A6}.Release|x64.Build.0 = Release|x64
		{995736BC-A61C-4741-A34F-281436AB83A6}.Release|x86.ActiveCfg = Release|Win32
		{995736BC-A61C-4741-A34F-281436AB83A6}.Release|x86.Build.0 = Release|Win32
		{A1A06065-05DC-4B8D-8037-070BEF28DACE}.Debug|x64.ActiveCfg = Debug|x64
		{A1A06065-05DC-4B8D-8037-070BEF28DACE}.Debug|x64.Build.0 = Debug|x64
		{A1A06065-05DC-4B8D-8037-070BEF28DACE}.Debug|x86.ActiveCfg = Debug|Win32
		{A1A06065-05DC-4B8D-8037-070BEF28DACE}.Debug|x86.Build.0 = Debug|Win32
		{A1A06065-05DC-4B8D-8037-070BEF28DACE}.Release|x64.ActiveCfg = Release|x64
		{A1A06065-05DC-4B8D-8037-070BEF28DACE}.Release|x64.Build.0 = Release|x64
		{A1A06065-05DC-4B8D-8037-070BEF28DACE}.Release|x86.ActiveCfg = Release|Win32
		{A1A06065-05DC-4B8D-8037-070BEF28DACE}.Release|x86.Build.0 = Release|Win32
		{3AE23F72-BA9E-4A00-9148-4AA31AB09006}.Debug|x64.ActiveCfg = Debug|x64
		{3AE23F72-BA9E-4A00-9148-4AA31AB09006}.Debug|x64.Build.0 = Debug|x64
		{3AE23F72-BA9E-4A00-9148-4AA31AB09006}.Debug|x86.ActiveCfg = Debug|Win32
		{3AE23F72-BA9E-4A00-9148-4AA31AB09006}.Debug|x86.Build.0 = Debug|Win32
		{3AE23F72-BA9E-4A00-9148-4AA31AB09006}.Release|x64.ActiveCfg = Release|x64
		{3AE23F72-BA9E-4A00-9148-4AA31AB09006}.Release|x64.Build.0 = Release|x64
		{3AE23F72-BA9E-4A00-9148-4AA31AB09006}.Release|x86.ActiveCfg = Release|Win32
		{3AE23F72-BA9E-4A00-9148-4AA31AB09006}.Release|x86.Build.0 = Release|Win32
		{F06C00A3-5999-4F0E-A493-F2A522A1BBEB}.Debug|x64.ActiveCfg = Debug|x64
		{F06C00A3-5999-4F0E-A493-F2A522A1BBEB}.Debug|x64.Build.0 = Debug|x64
		{F06C00A3-5999-4F0E-A493-F2A522A1BBEB}.Debug|x86.ActiveCfg = Debug|Win32
		{F06C00A3-5999-4F0E-A493-F2A522A1BBEB}.Debug|x86.Build.0 = Debug|Win32
		{F06C00A3-5999-4F0E-A493-F2A522A1BBEB}.Release|x64.ActiveCfg = Release|x64
		{F06C00A3-5999-4F0E-A493-F2A522A1BBEB}.Release|x64.Build.0 = Release|x64
		{F06C00A3-5999-4F0E-A493-F2A522A1BBEB}.Release|x86.ActiveCfg = Release|Win32
		{F06C00A3-5999-4F0E-A493-F2A522A1BBEB}.Release|x86.Build.0 = Release|Win32
		{10FB261B-BB2A-43B0-95B0-9C9C1347589E}.Debug|x64.ActiveCfg = Debug|x64
		{10FB261B-BB2A-43B0-95B0-9C9C1347589E}.Debug|x64.Build.0 = Debug|x64
		{10FB261B-BB2A-43B0-95B0-9C9C1347589E}.Debug|x86.ActiveCfg = Debug|Win32
		{10FB261B-BB2A-43B0-95B0-9C9C1347589E}.Debug|x86.Build.0 = Debug|Win32
		{10FB261B-BB2A-43B0-95B0-9C9C1347589E}.Release|x64.ActiveCfg = Release|x64
		{10FB261B-BB2A-43B0-95B0-9C9C1347589E}.Release|x64.Build.0 = Release|x64
		{10FB261B-BB2A-43B0-95B0-9C9C1347589E}.Release|x86.ActiveCfg = Release|Win32
		{10FB261B-BB2A-43B0-95B0-9C9C1347589E}.Release|x86.Build.0 = Release|Win32
		{93C26E5F-7F5A-4697-9818-903A9C8729B4}.Debug|x64.ActiveCfg = Debug|x64
		{93C26E5F-7F5A-4697-9818-903A9C8729B4}.Debug|x64.Build.0 = Debug|x64
		{93C26E5F-7F5A-4697-9818-903A9C8729B4}.Debug|x86.ActiveCfg = Debug|Win32
		{93C26E5F-7F5A-4697-9818-903A9C8729B4}.Debug|x86.Build.0 = Debug|Win32
		{93C26E5F-7F5A-4697-9818-903A9C8729B4}.Release|x64.ActiveCfg = Release|x64
		{93C26E5F-7F5A-4697-9818-903A9C8729B4}.Release|x64.Build.0 = Release|x64
		{93C26E5F-7F5A-4697-9818-903A9C8729B4}.Release|x86.ActiveCfg = Release|Win32
		{93C26E5F-7F5A-4697-9818-903A9C8729B4}.Release|x86.Build.0 = Release|Win32
	EndGlobalSection
	GlobalSection(SolutionProperties) = preSolution
		HideSolutionNode = FALSE
	EndGlobalSection
	GlobalSection(NestedProjects) = preSolution
		{3AE23F72-BA9E-4A00-9148-4AA31AB09006} = {66DE36D3-89CE-436D-ACA5-B2BDD1F25094}
		{F06C00A3-5999-4F0E-A493-F2A522A1BBEB} = {66DE36D3-89CE-436D-ACA5-B2BDD1F25094}
		{66DE36D3-89CE-436D-ACA5-B2BDD1F25094} = {490762A7-4E67-49C7-B51D-05F56D3111E8}
		{305E7C1C-B4BD-4973-923B-B125E89CFB11} = {490762A7-4E67-49C7-B51D-05F56D3111E8}
		{10FB261B-BB2A-43B0-95B0-9C9C1347589E} = {305E7C1C-B4BD-4973-923B-B125E89CFB11}
		{93C26E5F-7F5A-4697-9818-903A9C8729B4} = {305E7C1C-B4BD-4973-923B-B125E89CFB11}
	EndGlobalSection
	GlobalSection(ExtensibilityGlobals) = postSolution
		SolutionGuid = {E75AD0FF-76DC-410C-999F-7908F4EBD318}
	EndGlobalSection
EndGlobal
