
Microsoft Visual Studio Solution File, Format Version 12.00
# Visual Studio Version 16
VisualStudioVersion = 16.0.32630.194
MinimumVisualStudioVersion = 10.0.40219.1
Project("{8BC9CEB8-8B4A-11D0-8D11-00A0C91BC942}") = "Client", "Client\Client.vcxproj", "{995736BC-A61C-4741-A34F-281436AB83A6}"
EndProject
Project("{8BC9CEB8-8B4A-11D0-8D11-00A0C91BC942}") = "Engine", "Engine\Engine.vcxproj", "{A1A06065-05DC-4B8D-8037-070BEF28DACE}"
EndProject
Project("{2150E333-8FDC-42A3-9474-1A3956D46DE8}") = "Socket", "Socket", "{490762A7-4E67-49C7-B51D-05F56D3111E8}"
EndProject
Project("{2150E333-8FDC-42A3-9474-1A3956D46DE8}") = "Socket_0", "Socket_0", "{66DE36D3-89CE-436D-ACA5-B2BDD1F25094}"
EndProject
Project("{2150E333-8FDC-42A3-9474-1A3956D46DE8}") = "Socket_1", "Socket_1", "{305E7C1C-B4BD-4973-923B-B125E89CFB11}"
EndProject
Project("{8BC9CEB8-8B4A-11D0-8D11-00A0C91BC942}") = "Socket_1_Client", "Socket_1_Client\Socket_1_Client.vcxproj", "{10FB261B-BB2A-43B0-95B0-9C9C1347589E}"
EndProject
Project("{8BC9CEB8-8B4A-11D0-8D11-00A0C91BC942}") = "Socket_1_Server", "Socket_1_Server\Socket_1_Server.vcxproj", "{93C26E5F-7F5A-4697-9818-903A9C8729B4}"
EndProject
Project("{2150E333-8FDC-42A3-9474-1A3956D46DE8}") = "Algorithm", "Algorithm", "{622755F7-DAD1-421C-A555-19B57030D4B9}"
EndProject
Project("{8BC9CEB8-8B4A-11D0-8D11-00A0C91BC942}") = "Algorithm", "Algorithm\Algorithm.vcxproj", "{019E3BA2-E98B-4300-9647-88055A62E12C}"
EndProject
Project("{8BC9CEB8-8B4A-11D0-8D11-00A0C91BC942}") = "Maze", "Maze\Maze.vcxproj", "{5A08F55A-721B-4EDF-8E5D-F1F96E1D1FDB}"
EndProject
Project("{2150E333-8FDC-42A3-9474-1A3956D46DE8}") = "GameServer", "GameServer", "{C07362DB-12F6-4A70-8118-A3A2E2603015}"
EndProject
Project("{8BC9CEB8-8B4A-11D0-8D11-00A0C91BC942}") = "DummyClient", "DummyClient\DummyClient.vcxproj", "{18FC8AC2-191F-40AE-8C52-1F0F5A5AD180}"
EndProject
Project("{8BC9CEB8-8B4A-11D0-8D11-00A0C91BC942}") = "ServerCore", "ServerCore\ServerCore.vcxproj", "{D89A438A-2B70-4DD5-8685-61C0D604E6B0}"
EndProject
Project("{8BC9CEB8-8B4A-11D0-8D11-00A0C91BC942}") = "GameServer", "GameServer\GameServer.vcxproj", "{A9629F89-840E-41B5-9185-05A086A7056B}"
EndProject
Project("{2150E333-8FDC-42A3-9474-1A3956D46DE8}") = "Socket_2", "Socket_2", "{FDCE11B5-D603-4EEE-8EF2-057AAD5694F2}"
EndProject
Project("{8BC9CEB8-8B4A-11D0-8D11-00A0C91BC942}") = "Socket_2_Client", "Socket_2_Client\Socket_2_Client.vcxproj", "{213E8CE7-5D5F-4BFB-87F5-80160696CF5D}"
EndProject
Project("{8BC9CEB8-8B4A-11D0-8D11-00A0C91BC942}") = "Socket_2_Server", "Socket_2_Server\Socket_2_Server.vcxproj", "{49A883D4-A536-4305-BF97-D848391FD97D}"
EndProject
Project("{2150E333-8FDC-42A3-9474-1A3956D46DE8}") = "DX11", "DX11", "{99150A11-54A2-4F73-9B9D-D99664097A6A}"
EndProject
Project("{2150E333-8FDC-42A3-9474-1A3956D46DE8}") = "Socket_3", "Socket_3", "{EC6AD91F-C327-4EA7-B4C4-DC854C893A53}"
EndProject
Project("{8BC9CEB8-8B4A-11D0-8D11-00A0C91BC942}") = "Socket_3_Server", "Socket_3_Server\Socket_3_Server.vcxproj", "{46A7ADDC-BF61-4B0E-B957-ABCB7F2FC069}"
EndProject
Project("{8BC9CEB8-8B4A-11D0-8D11-00A0C91BC942}") = "Socket_3_Client", "Socket_3_Client\Socket_3_Client.vcxproj", "{74AC902F-658A-48EF-AF8A-3ACA5D0ECE51}"
EndProject
Project("{8BC9CEB8-8B4A-11D0-8D11-00A0C91BC942}") = "Error_Socket_3_Client", "Error_Socket_3_Client\Error_Socket_3_Client.vcxproj", "{EB3CE841-340E-44DB-BF89-66B9F6131843}"
EndProject
Project("{2150E333-8FDC-42A3-9474-1A3956D46DE8}") = "Socket_4", "Socket_4", "{208D5760-5383-498C-81DD-221A1C6F5678}"
EndProject
Project("{8BC9CEB8-8B4A-11D0-8D11-00A0C91BC942}") = "Socket_4_Client", "Socket_4_Client\Socket_4_Client.vcxproj", "{A65E440D-F22A-440D-9504-D22FBE4E2F89}"
EndProject
Project("{8BC9CEB8-8B4A-11D0-8D11-00A0C91BC942}") = "Socket_4_Server", "Socket_4_Server\Socket_4_Server.vcxproj", "{FC0135BB-D9B7-47EA-A897-FE45384C16BA}"
EndProject
Project("{2150E333-8FDC-42A3-9474-1A3956D46DE8}") = "AsyncFileIO_0", "AsyncFileIO_0", "{34E1306D-D76B-48D5-AC85-8A8E4D533AC1}"
EndProject
Project("{8BC9CEB8-8B4A-11D0-8D11-00A0C91BC942}") = "AsyncFileIO_0", "AsyncFileIO_0\AsyncFileIO_0.vcxproj", "{E44D636E-E34A-4A23-8059-20687FCBCBF3}"
EndProject
Project("{2150E333-8FDC-42A3-9474-1A3956D46DE8}") = "IOCP", "IOCP", "{F492D92E-0E22-4BD9-ACF5-1921F4E91F88}"
EndProject
Project("{8BC9CEB8-8B4A-11D0-8D11-00A0C91BC942}") = "IOCP_Server_1", "IOCP_Server_1\IOCP_Server_1.vcxproj", "{9B7E0BDD-F7F0-446D-BF09-4F0488AA6738}"
EndProject
Project("{8BC9CEB8-8B4A-11D0-8D11-00A0C91BC942}") = "Socket_0_Client", "Socket_0_Client\Socket_0.vcxproj", "{F06C00A3-5999-4F0E-A493-F2A522A1BBEB}"
EndProject
Project("{8BC9CEB8-8B4A-11D0-8D11-00A0C91BC942}") = "Socket_0_Server", "Socket_0_Server\Socket_1.vcxproj", "{3AE23F72-BA9E-4A00-9148-4AA31AB09006}"
EndProject
Project("{2150E333-8FDC-42A3-9474-1A3956D46DE8}") = "AI", "AI", "{6A6A91E5-034A-40C9-9185-33248548B14A}"
EndProject
Project("{8BC9CEB8-8B4A-11D0-8D11-00A0C91BC942}") = "AStar_Pathfinder", "AStar_Pathfinder\AStar_Pathfinder.vcxproj", "{41742F1E-ADEB-4FDA-B9B5-C4BEE2FA0B91}"
EndProject
Project("{2150E333-8FDC-42A3-9474-1A3956D46DE8}") = "Sam", "Sam", "{AA12B74B-0A71-4035-939D-605EDDAAC63C}"
EndProject
Project("{8BC9CEB8-8B4A-11D0-8D11-00A0C91BC942}") = "Sam_0207_End", "Sam_0207_End\Sam_0207_End.vcxproj", "{4B479A54-1D43-426E-AF3F-49D6A9E8148A}"
EndProject
Project("{8BC9CEB8-8B4A-11D0-8D11-00A0C91BC942}") = "IOCP_Broadcast", "IOCP_Broadcast\IOCP_Broadcast.vcxproj", "{493C7F11-BDE2-488D-8211-646C5A9E1A7C}"
EndProject
Project("{8BC9CEB8-8B4A-11D0-8D11-00A0C91BC942}") = "FSM_Main", "FSM_Main\FSM_Main.vcxproj", "{22906166-6A92-445F-B45F-988E5464CB2A}"
EndProject
Project("{2150E333-8FDC-42A3-9474-1A3956D46DE8}") = "Recv_Socket_0", "Recv_Socket_0", "{316E8810-5FF2-4F7E-91AC-3FB28C8D9C2F}"
EndProject
Project("{8BC9CEB8-8B4A-11D0-8D11-00A0C91BC942}") = "Recv_Socket_0", "Recv_Socket_0\Recv_Socket_0.vcxproj", "{FB8E687D-BAE0-47DB-BCD8-C10A0EC5687C}"
EndProject
Project("{2150E333-8FDC-42A3-9474-1A3956D46DE8}") = "ChatGpt", "ChatGpt", "{3A8766F8-65CD-4E35-B073-EBA33505851D}"
EndProject
Project("{8BC9CEB8-8B4A-11D0-8D11-00A0C91BC942}") = "Chat_Gpt_Test_01", "Chat_Gpt_Test_01\Chat_Gpt_Test_01.vcxproj", "{3404D28A-5493-44E7-943D-39C1A5745471}"
EndProject
Project("{2150E333-8FDC-42A3-9474-1A3956D46DE8}") = "DB", "DB", "{BFB99453-7895-4D3C-97C1-D17C85C00D8E}"
EndProject
Project("{8BC9CEB8-8B4A-11D0-8D11-00A0C91BC942}") = "ODBC_0", "ODBC_0\ODBC_0.vcxproj", "{703AEF27-B758-4167-B63F-0B89C17AB8EF}"
EndProject
Global
	GlobalSection(SolutionConfigurationPlatforms) = preSolution
		Debug|x64 = Debug|x64
		Debug|x86 = Debug|x86
		Release|x64 = Release|x64
		Release|x86 = Release|x86
	EndGlobalSection
	GlobalSection(ProjectConfigurationPlatforms) = postSolution
		{995736BC-A61C-4741-A34F-281436AB83A6}.Debug|x64.ActiveCfg = Debug|x64
		{995736BC-A61C-4741-A34F-281436AB83A6}.Debug|x64.Build.0 = Debug|x64
		{995736BC-A61C-4741-A34F-281436AB83A6}.Debug|x86.ActiveCfg = Debug|Win32
		{995736BC-A61C-4741-A34F-281436AB83A6}.Debug|x86.Build.0 = Debug|Win32
		{995736BC-A61C-4741-A34F-281436AB83A6}.Release|x64.ActiveCfg = Release|x64
		{995736BC-A61C-4741-A34F-281436AB83A6}.Release|x64.Build.0 = Release|x64
		{995736BC-A61C-4741-A34F-281436AB83A6}.Release|x86.ActiveCfg = Release|Win32
		{995736BC-A61C-4741-A34F-281436AB83A6}.Release|x86.Build.0 = Release|Win32
		{A1A06065-05DC-4B8D-8037-070BEF28DACE}.Debug|x64.ActiveCfg = Debug|x64
		{A1A06065-05DC-4B8D-8037-070BEF28DACE}.Debug|x64.Build.0 = Debug|x64
		{A1A06065-05DC-4B8D-8037-070BEF28DACE}.Debug|x86.ActiveCfg = Debug|Win32
		{A1A06065-05DC-4B8D-8037-070BEF28DACE}.Debug|x86.Build.0 = Debug|Win32
		{A1A06065-05DC-4B8D-8037-070BEF28DACE}.Release|x64.ActiveCfg = Release|x64
		{A1A06065-05DC-4B8D-8037-070BEF28DACE}.Release|x64.Build.0 = Release|x64
		{A1A06065-05DC-4B8D-8037-070BEF28DACE}.Release|x86.ActiveCfg = Release|Win32
		{A1A06065-05DC-4B8D-8037-070BEF28DACE}.Release|x86.Build.0 = Release|Win32
		{10FB261B-BB2A-43B0-95B0-9C9C1347589E}.Debug|x64.ActiveCfg = Debug|x64
		{10FB261B-BB2A-43B0-95B0-9C9C1347589E}.Debug|x64.Build.0 = Debug|x64
		{10FB261B-BB2A-43B0-95B0-9C9C1347589E}.Debug|x86.ActiveCfg = Debug|Win32
		{10FB261B-BB2A-43B0-95B0-9C9C1347589E}.Debug|x86.Build.0 = Debug|Win32
		{10FB261B-BB2A-43B0-95B0-9C9C1347589E}.Release|x64.ActiveCfg = Release|x64
		{10FB261B-BB2A-43B0-95B0-9C9C1347589E}.Release|x64.Build.0 = Release|x64
		{10FB261B-BB2A-43B0-95B0-9C9C1347589E}.Release|x86.ActiveCfg = Release|Win32
		{10FB261B-BB2A-43B0-95B0-9C9C1347589E}.Release|x86.Build.0 = Release|Win32
		{93C26E5F-7F5A-4697-9818-903A9C8729B4}.Debug|x64.ActiveCfg = Debug|x64
		{93C26E5F-7F5A-4697-9818-903A9C8729B4}.Debug|x64.Build.0 = Debug|x64
		{93C26E5F-7F5A-4697-9818-903A9C8729B4}.Debug|x86.ActiveCfg = Debug|Win32
		{93C26E5F-7F5A-4697-9818-903A9C8729B4}.Debug|x86.Build.0 = Debug|Win32
		{93C26E5F-7F5A-4697-9818-903A9C8729B4}.Release|x64.ActiveCfg = Release|x64
		{93C26E5F-7F5A-4697-9818-903A9C8729B4}.Release|x64.Build.0 = Release|x64
		{93C26E5F-7F5A-4697-9818-903A9C8729B4}.Release|x86.ActiveCfg = Release|Win32
		{93C26E5F-7F5A-4697-9818-903A9C8729B4}.Release|x86.Build.0 = Release|Win32
		{019E3BA2-E98B-4300-9647-88055A62E12C}.Debug|x64.ActiveCfg = Debug|x64
		{019E3BA2-E98B-4300-9647-88055A62E12C}.Debug|x64.Build.0 = Debug|x64
		{019E3BA2-E98B-4300-9647-88055A62E12C}.Debug|x86.ActiveCfg = Debug|Win32
		{019E3BA2-E98B-4300-9647-88055A62E12C}.Debug|x86.Build.0 = Debug|Win32
		{019E3BA2-E98B-4300-9647-88055A62E12C}.Release|x64.ActiveCfg = Release|x64
		{019E3BA2-E98B-4300-9647-88055A62E12C}.Release|x64.Build.0 = Release|x64
		{019E3BA2-E98B-4300-9647-88055A62E12C}.Release|x86.ActiveCfg = Release|Win32
		{019E3BA2-E98B-4300-9647-88055A62E12C}.Release|x86.Build.0 = Release|Win32
		{5A08F55A-721B-4EDF-8E5D-F1F96E1D1FDB}.Debug|x64.ActiveCfg = Debug|x64
		{5A08F55A-721B-4EDF-8E5D-F1F96E1D1FDB}.Debug|x64.Build.0 = Debug|x64
		{5A08F55A-721B-4EDF-8E5D-F1F96E1D1FDB}.Debug|x86.ActiveCfg = Debug|Win32
		{5A08F55A-721B-4EDF-8E5D-F1F96E1D1FDB}.Debug|x86.Build.0 = Debug|Win32
		{5A08F55A-721B-4EDF-8E5D-F1F96E1D1FDB}.Release|x64.ActiveCfg = Release|x64
		{5A08F55A-721B-4EDF-8E5D-F1F96E1D1FDB}.Release|x64.Build.0 = Release|x64
		{5A08F55A-721B-4EDF-8E5D-F1F96E1D1FDB}.Release|x86.ActiveCfg = Release|Win32
		{5A08F55A-721B-4EDF-8E5D-F1F96E1D1FDB}.Release|x86.Build.0 = Release|Win32
		{18FC8AC2-191F-40AE-8C52-1F0F5A5AD180}.Debug|x64.ActiveCfg = Debug|x64
		{18FC8AC2-191F-40AE-8C52-1F0F5A5AD180}.Debug|x64.Build.0 = Debug|x64
		{18FC8AC2-191F-40AE-8C52-1F0F5A5AD180}.Debug|x86.ActiveCfg = Debug|Win32
		{18FC8AC2-191F-40AE-8C52-1F0F5A5AD180}.Debug|x86.Build.0 = Debug|Win32
		{18FC8AC2-191F-40AE-8C52-1F0F5A5AD180}.Release|x64.ActiveCfg = Release|x64
		{18FC8AC2-191F-40AE-8C52-1F0F5A5AD180}.Release|x64.Build.0 = Release|x64
		{18FC8AC2-191F-40AE-8C52-1F0F5A5AD180}.Release|x86.ActiveCfg = Release|Win32
		{18FC8AC2-191F-40AE-8C52-1F0F5A5AD180}.Release|x86.Build.0 = Release|Win32
		{D89A438A-2B70-4DD5-8685-61C0D604E6B0}.Debug|x64.ActiveCfg = Debug|x64
		{D89A438A-2B70-4DD5-8685-61C0D604E6B0}.Debug|x64.Build.0 = Debug|x64
		{D89A438A-2B70-4DD5-8685-61C0D604E6B0}.Debug|x86.ActiveCfg = Debug|Win32
		{D89A438A-2B70-4DD5-8685-61C0D604E6B0}.Debug|x86.Build.0 = Debug|Win32
		{D89A438A-2B70-4DD5-8685-61C0D604E6B0}.Release|x64.ActiveCfg = Release|x64
		{D89A438A-2B70-4DD5-8685-61C0D604E6B0}.Release|x64.Build.0 = Release|x64
		{D89A438A-2B70-4DD5-8685-61C0D604E6B0}.Release|x86.ActiveCfg = Release|Win32
		{D89A438A-2B70-4DD5-8685-61C0D604E6B0}.Release|x86.Build.0 = Release|Win32
		{A9629F89-840E-41B5-9185-05A086A7056B}.Debug|x64.ActiveCfg = Debug|x64
		{A9629F89-840E-41B5-9185-05A086A7056B}.Debug|x64.Build.0 = Debug|x64
		{A9629F89-840E-41B5-9185-05A086A7056B}.Debug|x86.ActiveCfg = Debug|Win32
		{A9629F89-840E-41B5-9185-05A086A7056B}.Debug|x86.Build.0 = Debug|Win32
		{A9629F89-840E-41B5-9185-05A086A7056B}.Release|x64.ActiveCfg = Release|x64
		{A9629F89-840E-41B5-9185-05A086A7056B}.Release|x64.Build.0 = Release|x64
		{A9629F89-840E-41B5-9185-05A086A7056B}.Release|x86.ActiveCfg = Release|Win32
		{A9629F89-840E-41B5-9185-05A086A7056B}.Release|x86.Build.0 = Release|Win32
		{213E8CE7-5D5F-4BFB-87F5-80160696CF5D}.Debug|x64.ActiveCfg = Debug|x64
		{213E8CE7-5D5F-4BFB-87F5-80160696CF5D}.Debug|x64.Build.0 = Debug|x64
		{213E8CE7-5D5F-4BFB-87F5-80160696CF5D}.Debug|x86.ActiveCfg = Debug|Win32
		{213E8CE7-5D5F-4BFB-87F5-80160696CF5D}.Debug|x86.Build.0 = Debug|Win32
		{213E8CE7-5D5F-4BFB-87F5-80160696CF5D}.Release|x64.ActiveCfg = Release|x64
		{213E8CE7-5D5F-4BFB-87F5-80160696CF5D}.Release|x64.Build.0 = Release|x64
		{213E8CE7-5D5F-4BFB-87F5-80160696CF5D}.Release|x86.ActiveCfg = Release|Win32
		{213E8CE7-5D5F-4BFB-87F5-80160696CF5D}.Release|x86.Build.0 = Release|Win32
		{49A883D4-A536-4305-BF97-D848391FD97D}.Debug|x64.ActiveCfg = Debug|x64
		{49A883D4-A536-4305-BF97-D848391FD97D}.Debug|x64.Build.0 = Debug|x64
		{49A883D4-A536-4305-BF97-D848391FD97D}.Debug|x86.ActiveCfg = Debug|Win32
		{49A883D4-A536-4305-BF97-D848391FD97D}.Debug|x86.Build.0 = Debug|Win32
		{49A883D4-A536-4305-BF97-D848391FD97D}.Release|x64.ActiveCfg = Release|x64
		{49A883D4-A536-4305-BF97-D848391FD97D}.Release|x64.Build.0 = Release|x64
		{49A883D4-A536-4305-BF97-D848391FD97D}.Release|x86.ActiveCfg = Release|Win32
		{49A883D4-A536-4305-BF97-D848391FD97D}.Release|x86.Build.0 = Release|Win32
		{46A7ADDC-BF61-4B0E-B957-ABCB7F2FC069}.Debug|x64.ActiveCfg = Debug|x64
		{46A7ADDC-BF61-4B0E-B957-ABCB7F2FC069}.Debug|x64.Build.0 = Debug|x64
		{46A7ADDC-BF61-4B0E-B957-ABCB7F2FC069}.Debug|x86.ActiveCfg = Debug|Win32
		{46A7ADDC-BF61-4B0E-B957-ABCB7F2FC069}.Debug|x86.Build.0 = Debug|Win32
		{46A7ADDC-BF61-4B0E-B957-ABCB7F2FC069}.Release|x64.ActiveCfg = Release|x64
		{46A7ADDC-BF61-4B0E-B957-ABCB7F2FC069}.Release|x64.Build.0 = Release|x64
		{46A7ADDC-BF61-4B0E-B957-ABCB7F2FC069}.Release|x86.ActiveCfg = Release|Win32
		{46A7ADDC-BF61-4B0E-B957-ABCB7F2FC069}.Release|x86.Build.0 = Release|Win32
		{74AC902F-658A-48EF-AF8A-3ACA5D0ECE51}.Debug|x64.ActiveCfg = Debug|x64
		{74AC902F-658A-48EF-AF8A-3ACA5D0ECE51}.Debug|x64.Build.0 = Debug|x64
		{74AC902F-658A-48EF-AF8A-3ACA5D0ECE51}.Debug|x86.ActiveCfg = Debug|Win32
		{74AC902F-658A-48EF-AF8A-3ACA5D0ECE51}.Debug|x86.Build.0 = Debug|Win32
		{74AC902F-658A-48EF-AF8A-3ACA5D0ECE51}.Release|x64.ActiveCfg = Release|x64
		{74AC902F-658A-48EF-AF8A-3ACA5D0ECE51}.Release|x64.Build.0 = Release|x64
		{74AC902F-658A-48EF-AF8A-3ACA5D0ECE51}.Release|x86.ActiveCfg = Release|Win32
		{74AC902F-658A-48EF-AF8A-3ACA5D0ECE51}.Release|x86.Build.0 = Release|Win32
		{EB3CE841-340E-44DB-BF89-66B9F6131843}.Debug|x64.ActiveCfg = Debug|x64
		{EB3CE841-340E-44DB-BF89-66B9F6131843}.Debug|x64.Build.0 = Debug|x64
		{EB3CE841-340E-44DB-BF89-66B9F6131843}.Debug|x86.ActiveCfg = Debug|Win32
		{EB3CE841-340E-44DB-BF89-66B9F6131843}.Debug|x86.Build.0 = Debug|Win32
		{EB3CE841-340E-44DB-BF89-66B9F6131843}.Release|x64.ActiveCfg = Release|x64
		{EB3CE841-340E-44DB-BF89-66B9F6131843}.Release|x64.Build.0 = Release|x64
		{EB3CE841-340E-44DB-BF89-66B9F6131843}.Release|x86.ActiveCfg = Release|Win32
		{EB3CE841-340E-44DB-BF89-66B9F6131843}.Release|x86.Build.0 = Release|Win32
		{A65E440D-F22A-440D-9504-D22FBE4E2F89}.Debug|x64.ActiveCfg = Debug|x64
		{A65E440D-F22A-440D-9504-D22FBE4E2F89}.Debug|x64.Build.0 = Debug|x64
		{A65E440D-F22A-440D-9504-D22FBE4E2F89}.Debug|x86.ActiveCfg = Debug|Win32
		{A65E440D-F22A-440D-9504-D22FBE4E2F89}.Debug|x86.Build.0 = Debug|Win32
		{A65E440D-F22A-440D-9504-D22FBE4E2F89}.Release|x64.ActiveCfg = Release|x64
		{A65E440D-F22A-440D-9504-D22FBE4E2F89}.Release|x64.Build.0 = Release|x64
		{A65E440D-F22A-440D-9504-D22FBE4E2F89}.Release|x86.ActiveCfg = Release|Win32
		{A65E440D-F22A-440D-9504-D22FBE4E2F89}.Release|x86.Build.0 = Release|Win32
		{FC0135BB-D9B7-47EA-A897-FE45384C16BA}.Debug|x64.ActiveCfg = Debug|x64
		{FC0135BB-D9B7-47EA-A897-FE45384C16BA}.Debug|x64.Build.0 = Debug|x64
		{FC0135BB-D9B7-47EA-A897-FE45384C16BA}.Debug|x86.ActiveCfg = Debug|Win32
		{FC0135BB-D9B7-47EA-A897-FE45384C16BA}.Debug|x86.Build.0 = Debug|Win32
		{FC0135BB-D9B7-47EA-A897-FE45384C16BA}.Release|x64.ActiveCfg = Release|x64
		{FC0135BB-D9B7-47EA-A897-FE45384C16BA}.Release|x64.Build.0 = Release|x64
		{FC0135BB-D9B7-47EA-A897-FE45384C16BA}.Release|x86.ActiveCfg = Release|Win32
		{FC0135BB-D9B7-47EA-A897-FE45384C16BA}.Release|x86.Build.0 = Release|Win32
		{E44D636E-E34A-4A23-8059-20687FCBCBF3}.Debug|x64.ActiveCfg = Debug|x64
		{E44D636E-E34A-4A23-8059-20687FCBCBF3}.Debug|x64.Build.0 = Debug|x64
		{E44D636E-E34A-4A23-8059-20687FCBCBF3}.Debug|x86.ActiveCfg = Debug|Win32
		{E44D636E-E34A-4A23-8059-20687FCBCBF3}.Debug|x86.Build.0 = Debug|Win32
		{E44D636E-E34A-4A23-8059-20687FCBCBF3}.Release|x64.ActiveCfg = Release|x64
		{E44D636E-E34A-4A23-8059-20687FCBCBF3}.Release|x64.Build.0 = Release|x64
		{E44D636E-E34A-4A23-8059-20687FCBCBF3}.Release|x86.ActiveCfg = Release|Win32
		{E44D636E-E34A-4A23-8059-20687FCBCBF3}.Release|x86.Build.0 = Release|Win32
		{9B7E0BDD-F7F0-446D-BF09-4F0488AA6738}.Debug|x64.ActiveCfg = Debug|x64
		{9B7E0BDD-F7F0-446D-BF09-4F0488AA6738}.Debug|x64.Build.0 = Debug|x64
		{9B7E0BDD-F7F0-446D-BF09-4F0488AA6738}.Debug|x86.ActiveCfg = Debug|Win32
		{9B7E0BDD-F7F0-446D-BF09-4F0488AA6738}.Debug|x86.Build.0 = Debug|Win32
		{9B7E0BDD-F7F0-446D-BF09-4F0488AA6738}.Release|x64.ActiveCfg = Release|x64
		{9B7E0BDD-F7F0-446D-BF09-4F0488AA6738}.Release|x64.Build.0 = Release|x64
		{9B7E0BDD-F7F0-446D-BF09-4F0488AA6738}.Release|x86.ActiveCfg = Release|Win32
		{9B7E0BDD-F7F0-446D-BF09-4F0488AA6738}.Release|x86.Build.0 = Release|Win32
		{F06C00A3-5999-4F0E-A493-F2A522A1BBEB}.Debug|x64.ActiveCfg = Debug|x64
		{F06C00A3-5999-4F0E-A493-F2A522A1BBEB}.Debug|x64.Build.0 = Debug|x64
		{F06C00A3-5999-4F0E-A493-F2A522A1BBEB}.Debug|x86.ActiveCfg = Debug|Win32
		{F06C00A3-5999-4F0E-A493-F2A522A1BBEB}.Debug|x86.Build.0 = Debug|Win32
		{F06C00A3-5999-4F0E-A493-F2A522A1BBEB}.Release|x64.ActiveCfg = Release|x64
		{F06C00A3-5999-4F0E-A493-F2A522A1BBEB}.Release|x64.Build.0 = Release|x64
		{F06C00A3-5999-4F0E-A493-F2A522A1BBEB}.Release|x86.ActiveCfg = Release|Win32
		{F06C00A3-5999-4F0E-A493-F2A522A1BBEB}.Release|x86.Build.0 = Release|Win32
		{3AE23F72-BA9E-4A00-9148-4AA31AB09006}.Debug|x64.ActiveCfg = Debug|x64
		{3AE23F72-BA9E-4A00-9148-4AA31AB09006}.Debug|x64.Build.0 = Debug|x64
		{3AE23F72-BA9E-4A00-9148-4AA31AB09006}.Debug|x86.ActiveCfg = Debug|Win32
		{3AE23F72-BA9E-4A00-9148-4AA31AB09006}.Debug|x86.Build.0 = Debug|Win32
		{3AE23F72-BA9E-4A00-9148-4AA31AB09006}.Release|x64.ActiveCfg = Release|x64
		{3AE23F72-BA9E-4A00-9148-4AA31AB09006}.Release|x64.Build.0 = Release|x64
		{3AE23F72-BA9E-4A00-9148-4AA31AB09006}.Release|x86.ActiveCfg = Release|Win32
		{3AE23F72-BA9E-4A00-9148-4AA31AB09006}.Release|x86.Build.0 = Release|Win32
		{41742F1E-ADEB-4FDA-B9B5-C4BEE2FA0B91}.Debug|x64.ActiveCfg = Debug|x64
		{41742F1E-ADEB-4FDA-B9B5-C4BEE2FA0B91}.Debug|x64.Build.0 = Debug|x64
		{41742F1E-ADEB-4FDA-B9B5-C4BEE2FA0B91}.Debug|x86.ActiveCfg = Debug|Win32
		{41742F1E-ADEB-4FDA-B9B5-C4BEE2FA0B91}.Debug|x86.Build.0 = Debug|Win32
		{41742F1E-ADEB-4FDA-B9B5-C4BEE2FA0B91}.Release|x64.ActiveCfg = Release|x64
		{41742F1E-ADEB-4FDA-B9B5-C4BEE2FA0B91}.Release|x64.Build.0 = Release|x64
		{41742F1E-ADEB-4FDA-B9B5-C4BEE2FA0B91}.Release|x86.ActiveCfg = Release|Win32
		{41742F1E-ADEB-4FDA-B9B5-C4BEE2FA0B91}.Release|x86.Build.0 = Release|Win32
		{4B479A54-1D43-426E-AF3F-49D6A9E8148A}.Debug|x64.ActiveCfg = Debug|x64
		{4B479A54-1D43-426E-AF3F-49D6A9E8148A}.Debug|x64.Build.0 = Debug|x64
		{4B479A54-1D43-426E-AF3F-49D6A9E8148A}.Debug|x86.ActiveCfg = Debug|Win32
		{4B479A54-1D43-426E-AF3F-49D6A9E8148A}.Debug|x86.Build.0 = Debug|Win32
		{4B479A54-1D43-426E-AF3F-49D6A9E8148A}.Release|x64.ActiveCfg = Release|x64
		{4B479A54-1D43-426E-AF3F-49D6A9E8148A}.Release|x64.Build.0 = Release|x64
		{4B479A54-1D43-426E-AF3F-49D6A9E8148A}.Release|x86.ActiveCfg = Release|Win32
		{4B479A54-1D43-426E-AF3F-49D6A9E8148A}.Release|x86.Build.0 = Release|Win32
		{493C7F11-BDE2-488D-8211-646C5A9E1A7C}.Debug|x64.ActiveCfg = Debug|x64
		{493C7F11-BDE2-488D-8211-646C5A9E1A7C}.Debug|x64.Build.0 = Debug|x64
		{493C7F11-BDE2-488D-8211-646C5A9E1A7C}.Debug|x86.ActiveCfg = Debug|Win32
		{493C7F11-BDE2-488D-8211-646C5A9E1A7C}.Debug|x86.Build.0 = Debug|Win32
		{493C7F11-BDE2-488D-8211-646C5A9E1A7C}.Release|x64.ActiveCfg = Release|x64
		{493C7F11-BDE2-488D-8211-646C5A9E1A7C}.Release|x64.Build.0 = Release|x64
		{493C7F11-BDE2-488D-8211-646C5A9E1A7C}.Release|x86.ActiveCfg = Release|Win32
		{493C7F11-BDE2-488D-8211-646C5A9E1A7C}.Release|x86.Build.0 = Release|Win32
		{22906166-6A92-445F-B45F-988E5464CB2A}.Debug|x64.ActiveCfg = Debug|x64
		{22906166-6A92-445F-B45F-988E5464CB2A}.Debug|x64.Build.0 = Debug|x64
		{22906166-6A92-445F-B45F-988E5464CB2A}.Debug|x86.ActiveCfg = Debug|Win32
		{22906166-6A92-445F-B45F-988E5464CB2A}.Debug|x86.Build.0 = Debug|Win32
		{22906166-6A92-445F-B45F-988E5464CB2A}.Release|x64.ActiveCfg = Release|x64
		{22906166-6A92-445F-B45F-988E5464CB2A}.Release|x64.Build.0 = Release|x64
		{22906166-6A92-445F-B45F-988E5464CB2A}.Release|x86.ActiveCfg = Release|Win32
		{22906166-6A92-445F-B45F-988E5464CB2A}.Release|x86.Build.0 = Release|Win32
		{FB8E687D-BAE0-47DB-BCD8-C10A0EC5687C}.Debug|x64.ActiveCfg = Debug|x64
		{FB8E687D-BAE0-47DB-BCD8-C10A0EC5687C}.Debug|x64.Build.0 = Debug|x64
		{FB8E687D-BAE0-47DB-BCD8-C10A0EC5687C}.Debug|x86.ActiveCfg = Debug|Win32
		{FB8E687D-BAE0-47DB-BCD8-C10A0EC5687C}.Debug|x86.Build.0 = Debug|Win32
		{FB8E687D-BAE0-47DB-BCD8-C10A0EC5687C}.Release|x64.ActiveCfg = Release|x64
		{FB8E687D-BAE0-47DB-BCD8-C10A0EC5687C}.Release|x64.Build.0 = Release|x64
		{FB8E687D-BAE0-47DB-BCD8-C10A0EC5687C}.Release|x86.ActiveCfg = Release|Win32
		{FB8E687D-BAE0-47DB-BCD8-C10A0EC5687C}.Release|x86.Build.0 = Release|Win32
		{3404D28A-5493-44E7-943D-39C1A5745471}.Debug|x64.ActiveCfg = Debug|x64
		{3404D28A-5493-44E7-943D-39C1A5745471}.Debug|x64.Build.0 = Debug|x64
		{3404D28A-5493-44E7-943D-39C1A5745471}.Debug|x86.ActiveCfg = Debug|Win32
		{3404D28A-5493-44E7-943D-39C1A5745471}.Debug|x86.Build.0 = Debug|Win32
		{3404D28A-5493-44E7-943D-39C1A5745471}.Release|x64.ActiveCfg = Release|x64
		{3404D28A-5493-44E7-943D-39C1A5745471}.Release|x64.Build.0 = Release|x64
		{3404D28A-5493-44E7-943D-39C1A5745471}.Release|x86.ActiveCfg = Release|Win32
		{3404D28A-5493-44E7-943D-39C1A5745471}.Release|x86.Build.0 = Release|Win32
		{703AEF27-B758-4167-B63F-0B89C17AB8EF}.Debug|x64.ActiveCfg = Debug|x64
		{703AEF27-B758-4167-B63F-0B89C17AB8EF}.Debug|x64.Build.0 = Debug|x64
		{703AEF27-B758-4167-B63F-0B89C17AB8EF}.Debug|x86.ActiveCfg = Debug|Win32
		{703AEF27-B758-4167-B63F-0B89C17AB8EF}.Debug|x86.Build.0 = Debug|Win32
		{703AEF27-B758-4167-B63F-0B89C17AB8EF}.Release|x64.ActiveCfg = Release|x64
		{703AEF27-B758-4167-B63F-0B89C17AB8EF}.Release|x64.Build.0 = Release|x64
		{703AEF27-B758-4167-B63F-0B89C17AB8EF}.Release|x86.ActiveCfg = Release|Win32
		{703AEF27-B758-4167-B63F-0B89C17AB8EF}.Release|x86.Build.0 = Release|Win32
	EndGlobalSection
	GlobalSection(SolutionProperties) = preSolution
		HideSolutionNode = FALSE
	EndGlobalSection
	GlobalSection(NestedProjects) = preSolution
		{66DE36D3-89CE-436D-ACA5-B2BDD1F25094} = {490762A7-4E67-49C7-B51D-05F56D3111E8}
		{305E7C1C-B4BD-4973-923B-B125E89CFB11} = {490762A7-4E67-49C7-B51D-05F56D3111E8}
		{10FB261B-BB2A-43B0-95B0-9C9C1347589E} = {305E7C1C-B4BD-4973-923B-B125E89CFB11}
		{93C26E5F-7F5A-4697-9818-903A9C8729B4} = {305E7C1C-B4BD-4973-923B-B125E89CFB11}
		{019E3BA2-E98B-4300-9647-88055A62E12C} = {622755F7-DAD1-421C-A555-19B57030D4B9}
		{5A08F55A-721B-4EDF-8E5D-F1F96E1D1FDB} = {622755F7-DAD1-421C-A555-19B57030D4B9}
		{18FC8AC2-191F-40AE-8C52-1F0F5A5AD180} = {C07362DB-12F6-4A70-8118-A3A2E2603015}
		{D89A438A-2B70-4DD5-8685-61C0D604E6B0} = {C07362DB-12F6-4A70-8118-A3A2E2603015}
		{A9629F89-840E-41B5-9185-05A086A7056B} = {C07362DB-12F6-4A70-8118-A3A2E2603015}
		{FDCE11B5-D603-4EEE-8EF2-057AAD5694F2} = {490762A7-4E67-49C7-B51D-05F56D3111E8}
		{213E8CE7-5D5F-4BFB-87F5-80160696CF5D} = {FDCE11B5-D603-4EEE-8EF2-057AAD5694F2}
		{49A883D4-A536-4305-BF97-D848391FD97D} = {FDCE11B5-D603-4EEE-8EF2-057AAD5694F2}
		{EC6AD91F-C327-4EA7-B4C4-DC854C893A53} = {490762A7-4E67-49C7-B51D-05F56D3111E8}
		{46A7ADDC-BF61-4B0E-B957-ABCB7F2FC069} = {EC6AD91F-C327-4EA7-B4C4-DC854C893A53}
		{74AC902F-658A-48EF-AF8A-3ACA5D0ECE51} = {EC6AD91F-C327-4EA7-B4C4-DC854C893A53}
		{EB3CE841-340E-44DB-BF89-66B9F6131843} = {EC6AD91F-C327-4EA7-B4C4-DC854C893A53}
		{208D5760-5383-498C-81DD-221A1C6F5678} = {490762A7-4E67-49C7-B51D-05F56D3111E8}
		{A65E440D-F22A-440D-9504-D22FBE4E2F89} = {208D5760-5383-498C-81DD-221A1C6F5678}
		{FC0135BB-D9B7-47EA-A897-FE45384C16BA} = {208D5760-5383-498C-81DD-221A1C6F5678}
		{34E1306D-D76B-48D5-AC85-8A8E4D533AC1} = {490762A7-4E67-49C7-B51D-05F56D3111E8}
		{E44D636E-E34A-4A23-8059-20687FCBCBF3} = {34E1306D-D76B-48D5-AC85-8A8E4D533AC1}
		{F492D92E-0E22-4BD9-ACF5-1921F4E91F88} = {490762A7-4E67-49C7-B51D-05F56D3111E8}
		{9B7E0BDD-F7F0-446D-BF09-4F0488AA6738} = {F492D92E-0E22-4BD9-ACF5-1921F4E91F88}
		{F06C00A3-5999-4F0E-A493-F2A522A1BBEB} = {66DE36D3-89CE-436D-ACA5-B2BDD1F25094}
		{3AE23F72-BA9E-4A00-9148-4AA31AB09006} = {66DE36D3-89CE-436D-ACA5-B2BDD1F25094}
		{41742F1E-ADEB-4FDA-B9B5-C4BEE2FA0B91} = {6A6A91E5-034A-40C9-9185-33248548B14A}
		{AA12B74B-0A71-4035-939D-605EDDAAC63C} = {490762A7-4E67-49C7-B51D-05F56D3111E8}
		{4B479A54-1D43-426E-AF3F-49D6A9E8148A} = {AA12B74B-0A71-4035-939D-605EDDAAC63C}
		{493C7F11-BDE2-488D-8211-646C5A9E1A7C} = {AA12B74B-0A71-4035-939D-605EDDAAC63C}
		{22906166-6A92-445F-B45F-988E5464CB2A} = {AA12B74B-0A71-4035-939D-605EDDAAC63C}
		{316E8810-5FF2-4F7E-91AC-3FB28C8D9C2F} = {AA12B74B-0A71-4035-939D-605EDDAAC63C}
		{FB8E687D-BAE0-47DB-BCD8-C10A0EC5687C} = {316E8810-5FF2-4F7E-91AC-3FB28C8D9C2F}
		{3A8766F8-65CD-4E35-B073-EBA33505851D} = {490762A7-4E67-49C7-B51D-05F56D3111E8}
		{3404D28A-5493-44E7-943D-39C1A5745471} = {3A8766F8-65CD-4E35-B073-EBA33505851D}
		{BFB99453-7895-4D3C-97C1-D17C85C00D8E} = {490762A7-4E67-49C7-B51D-05F56D3111E8}
		{703AEF27-B758-4167-B63F-0B89C17AB8EF} = {BFB99453-7895-4D3C-97C1-D17C85C00D8E}
	EndGlobalSection
	GlobalSection(ExtensibilityGlobals) = postSolution
		SolutionGuid = {E75AD0FF-76DC-410C-999F-7908F4EBD318}
	EndGlobalSection
EndGlobal
